
Microsoft Visual Studio Solution File, Format Version 12.00
# Visual Studio 14
VisualStudioVersion = 14.0.23107.0
MinimumVisualStudioVersion = 10.0.40219.1
Project("{FAE04EC0-301F-11D3-BF4B-00C04F79EFBC}") = "TddHelper", "TddHelper\TddHelper.csproj", "{C7534B37-0FB0-432D-8F47-EAACD78AD460}"
EndProject
Project("{FAE04EC0-301F-11D3-BF4B-00C04F79EFBC}") = "TddHelperTest", "TddHelperTest\TddHelperTest.csproj", "{702E3404-6B6A-4EA8-BA30-E760C1616EC2}"
EndProject
Project("{8BC9CEB8-8B4A-11D0-8D11-00A0C91BC942}") = "StrongNameHelper", "StrongNameHelper\StrongNameHelper.vcxproj", "{74EC1B4E-6675-491E-AA5D-C9790C7EB3F6}"
EndProject
Global
	GlobalSection(SolutionConfigurationPlatforms) = preSolution
		Debug|Any CPU = Debug|Any CPU
		Debug|Mixed Platforms = Debug|Mixed Platforms
		Debug|Win32 = Debug|Win32
		Release|Any CPU = Release|Any CPU
		Release|Mixed Platforms = Release|Mixed Platforms
		Release|Win32 = Release|Win32
	EndGlobalSection
	GlobalSection(ProjectConfigurationPlatforms) = postSolution
		{C7534B37-0FB0-432D-8F47-EAACD78AD460}.Debug|Any CPU.ActiveCfg = Debug|Any CPU
		{C7534B37-0FB0-432D-8F47-EAACD78AD460}.Debug|Any CPU.Build.0 = Debug|Any CPU
		{C7534B37-0FB0-432D-8F47-EAACD78AD460}.Debug|Mixed Platforms.ActiveCfg = Debug|x86
		{C7534B37-0FB0-432D-8F47-EAACD78AD460}.Debug|Mixed Platforms.Build.0 = Debug|x86
		{C7534B37-0FB0-432D-8F47-EAACD78AD460}.Debug|Win32.ActiveCfg = Debug|Any CPU
		{C7534B37-0FB0-432D-8F47-EAACD78AD460}.Release|Any CPU.ActiveCfg = Release|Any CPU
		{C7534B37-0FB0-432D-8F47-EAACD78AD460}.Release|Any CPU.Build.0 = Release|Any CPU
		{C7534B37-0FB0-432D-8F47-EAACD78AD460}.Release|Mixed Platforms.ActiveCfg = Release|x86
		{C7534B37-0FB0-432D-8F47-EAACD78AD460}.Release|Mixed Platforms.Build.0 = Release|x86
		{C7534B37-0FB0-432D-8F47-EAACD78AD460}.Release|Win32.ActiveCfg = Release|Any CPU
		{702E3404-6B6A-4EA8-BA30-E760C1616EC2}.Debug|Any CPU.ActiveCfg = Debug|Any CPU
		{702E3404-6B6A-4EA8-BA30-E760C1616EC2}.Debug|Any CPU.Build.0 = Debug|Any CPU
		{702E3404-6B6A-4EA8-BA30-E760C1616EC2}.Debug|Mixed Platforms.ActiveCfg = Debug|x86
		{702E3404-6B6A-4EA8-BA30-E760C1616EC2}.Debug|Mixed Platforms.Build.0 = Debug|x86
		{702E3404-6B6A-4EA8-BA30-E760C1616EC2}.Debug|Win32.ActiveCfg = Debug|Any CPU
		{702E3404-6B6A-4EA8-BA30-E760C1616EC2}.Release|Any CPU.ActiveCfg = Release|Any CPU
		{702E3404-6B6A-4EA8-BA30-E760C1616EC2}.Release|Any CPU.Build.0 = Release|Any CPU
		{702E3404-6B6A-4EA8-BA30-E760C1616EC2}.Release|Mixed Platforms.ActiveCfg = Release|x86
		{702E3404-6B6A-4EA8-BA30-E760C1616EC2}.Release|Mixed Platforms.Build.0 = Release|x86
		{702E3404-6B6A-4EA8-BA30-E760C1616EC2}.Release|Win32.ActiveCfg = Release|Any CPU
		{74EC1B4E-6675-491E-AA5D-C9790C7EB3F6}.Debug|Any CPU.ActiveCfg = Debug|Win32
		{74EC1B4E-6675-491E-AA5D-C9790C7EB3F6}.Debug|Mixed Platforms.ActiveCfg = Debug|Win32
		{74EC1B4E-6675-491E-AA5D-C9790C7EB3F6}.Debug|Mixed Platforms.Build.0 = Debug|Win32
		{74EC1B4E-6675-491E-AA5D-C9790C7EB3F6}.Debug|Win32.ActiveCfg = Debug|Win32
		{74EC1B4E-6675-491E-AA5D-C9790C7EB3F6}.Debug|Win32.Build.0 = Debug|Win32
		{74EC1B4E-6675-491E-AA5D-C9790C7EB3F6}.Release|Any CPU.ActiveCfg = Release|Win32
		{74EC1B4E-6675-491E-AA5D-C9790C7EB3F6}.Release|Mixed Platforms.ActiveCfg = Release|Win32
		{74EC1B4E-6675-491E-AA5D-C9790C7EB3F6}.Release|Mixed Platforms.Build.0 = Release|Win32
		{74EC1B4E-6675-491E-AA5D-C9790C7EB3F6}.Release|Win32.ActiveCfg = Release|Win32
		{74EC1B4E-6675-491E-AA5D-C9790C7EB3F6}.Release|Win32.Build.0 = Release|Win32
	EndGlobalSection
	GlobalSection(SolutionProperties) = preSolution
		HideSolutionNode = FALSE
	EndGlobalSection
EndGlobal
